
Microsoft Visual Studio Solution File, Format Version 12.00
# Visual Studio Version 16
VisualStudioVersion = 16.0.29324.140
MinimumVisualStudioVersion = 10.0.40219.1
Project("{FAE04EC0-301F-11D3-BF4B-00C04F79EFBC}") = "Entidades", "Entidades\Entidades.csproj", "{E511990A-9B69-40E5-AF72-6A4C0AADA5E6}"
EndProject
Project("{FAE04EC0-301F-11D3-BF4B-00C04F79EFBC}") = "GUIAssigManager", "GUIAssigManager\GUIAssigManager.csproj", "{6612C07B-52D6-4BBC-87C1-BA6573538006}"
EndProject
Global
	GlobalSection(SolutionConfigurationPlatforms) = preSolution
		Debug|Any CPU = Debug|Any CPU
		Release|Any CPU = Release|Any CPU
	EndGlobalSection
	GlobalSection(ProjectConfigurationPlatforms) = postSolution
		{E511990A-9B69-40E5-AF72-6A4C0AADA5E6}.Debug|Any CPU.ActiveCfg = Debug|Any CPU
		{E511990A-9B69-40E5-AF72-6A4C0AADA5E6}.Debug|Any CPU.Build.0 = Debug|Any CPU
		{E511990A-9B69-40E5-AF72-6A4C0AADA5E6}.Release|Any CPU.ActiveCfg = Release|Any CPU
		{E511990A-9B69-40E5-AF72-6A4C0AADA5E6}.Release|Any CPU.Build.0 = Release|Any CPU
		{6612C07B-52D6-4BBC-87C1-BA6573538006}.Debug|Any CPU.ActiveCfg = Debug|Any CPU
		{6612C07B-52D6-4BBC-87C1-BA6573538006}.Debug|Any CPU.Build.0 = Debug|Any CPU
		{6612C07B-52D6-4BBC-87C1-BA6573538006}.Release|Any CPU.ActiveCfg = Release|Any CPU
		{6612C07B-52D6-4BBC-87C1-BA6573538006}.Release|Any CPU.Build.0 = Release|Any CPU
	EndGlobalSection
	GlobalSection(SolutionProperties) = preSolution
		HideSolutionNode = FALSE
	EndGlobalSection
	GlobalSection(ExtensibilityGlobals) = postSolution
		SolutionGuid = {6B0FC90B-F349-4B1A-BD11-ED29E360738B}
	EndGlobalSection
EndGlobal
